<?xml version="1.0" encoding="UTF-8"?>
<!DOCTYPE plist PUBLIC "-//Apple//DTD PLIST 1.0//EN" "http://www.apple.com/DTDs/PropertyList-1.0.dtd">
<plist version="1.0">
<dict>
	<key>archiveVersion</key>
	<string>1</string>
	<key>classes</key>
	<dict/>
	<key>objectVersion</key>
	<string>46</string>
	<key>objects</key>
	<dict>
		<key>15D0699C4CCF438ABFA3DF8B</key>
		<dict>
			<key>includeInIndex</key>
			<string>1</string>
			<key>isa</key>
			<string>PBXFileReference</string>
			<key>lastKnownFileType</key>
			<string>text.xcconfig</string>
			<key>name</key>
			<string>Pods.xcconfig</string>
			<key>path</key>
			<string>Pods/Pods.xcconfig</string>
			<key>sourceTree</key>
			<string>SOURCE_ROOT</string>
		</dict>
		<key>1DF0977ABD8B4FF7A5D6DB7E</key>
		<dict>
			<key>fileRef</key>
			<string>56F906D25E6341C58B3CECFE</string>
			<key>isa</key>
			<string>PBXBuildFile</string>
			<key>settings</key>
			<dict/>
		</dict>
		<key>2B30D3AE05A142A1BB850E7F</key>
		<dict>
			<key>buildActionMask</key>
			<string>2147483647</string>
			<key>files</key>
			<array/>
			<key>inputPaths</key>
			<array/>
			<key>isa</key>
			<string>PBXShellScriptBuildPhase</string>
			<key>name</key>
			<string>Check Pods Manifest.lock</string>
			<key>outputPaths</key>
			<array/>
			<key>runOnlyForDeploymentPostprocessing</key>
			<string>0</string>
			<key>shellPath</key>
			<string>/bin/sh</string>
			<key>shellScript</key>
			<string>diff "${PODS_ROOT}/../Podfile.lock" "${PODS_ROOT}/Manifest.lock" &gt; /dev/null
if [[ $? != 0 ]] ; then
    cat &lt;&lt; EOM
error: The sandbox is not in sync with the Podfile.lock. Run 'pod install' or update your CocoaPods installation.
EOM
    exit 1
fi
</string>
			<key>showEnvVarsInLog</key>
			<string>1</string>
		</dict>
		<key>4BE1DF2043B546589222F738</key>
		<dict>
			<key>buildActionMask</key>
			<string>2147483647</string>
			<key>files</key>
			<array/>
			<key>inputPaths</key>
			<array/>
			<key>isa</key>
			<string>PBXShellScriptBuildPhase</string>
			<key>name</key>
			<string>Copy Pods Resources</string>
			<key>outputPaths</key>
			<array/>
			<key>runOnlyForDeploymentPostprocessing</key>
			<string>0</string>
			<key>shellPath</key>
			<string>/bin/sh</string>
			<key>shellScript</key>
			<string>"${SRCROOT}/Pods/Pods-resources.sh"
</string>
			<key>showEnvVarsInLog</key>
			<string>1</string>
		</dict>
		<key>56F906D25E6341C58B3CECFE</key>
		<dict>
			<key>explicitFileType</key>
			<string>archive.ar</string>
			<key>includeInIndex</key>
			<string>0</string>
			<key>isa</key>
			<string>PBXFileReference</string>
			<key>name</key>
			<string>libPods.a</string>
			<key>path</key>
			<string>libPods.a</string>
			<key>sourceTree</key>
			<string>BUILT_PRODUCTS_DIR</string>
		</dict>
		<key>782569FA17404B75009A8F1F</key>
		<dict>
			<key>fileEncoding</key>
			<string>4</string>
			<key>isa</key>
			<string>PBXFileReference</string>
			<key>lastKnownFileType</key>
			<string>sourcecode.c.h</string>
			<key>path</key>
			<string>EDPiece.h</string>
			<key>sourceTree</key>
			<string>&lt;group&gt;</string>
		</dict>
		<key>782569FB17404B75009A8F1F</key>
		<dict>
			<key>fileEncoding</key>
			<string>4</string>
			<key>isa</key>
			<string>PBXFileReference</string>
			<key>lastKnownFileType</key>
			<string>sourcecode.c.objc</string>
			<key>path</key>
			<string>EDPiece.m</string>
			<key>sourceTree</key>
			<string>&lt;group&gt;</string>
		</dict>
		<key>782569FC17404B75009A8F1F</key>
		<dict>
			<key>fileRef</key>
			<string>782569FB17404B75009A8F1F</string>
			<key>isa</key>
			<string>PBXBuildFile</string>
		</dict>
		<key>782569FD1740500D009A8F1F</key>
		<dict>
			<key>fileEncoding</key>
			<string>4</string>
			<key>isa</key>
			<string>PBXFileReference</string>
			<key>lastKnownFileType</key>
			<string>sourcecode.c.h</string>
			<key>path</key>
			<string>EDRook.h</string>
			<key>sourceTree</key>
			<string>&lt;group&gt;</string>
		</dict>
		<key>782569FE1740500D009A8F1F</key>
		<dict>
			<key>fileEncoding</key>
			<string>4</string>
			<key>isa</key>
			<string>PBXFileReference</string>
			<key>lastKnownFileType</key>
			<string>sourcecode.c.objc</string>
			<key>path</key>
			<string>EDRook.m</string>
			<key>sourceTree</key>
			<string>&lt;group&gt;</string>
		</dict>
		<key>782569FF1740500D009A8F1F</key>
		<dict>
			<key>fileRef</key>
			<string>782569FE1740500D009A8F1F</string>
			<key>isa</key>
			<string>PBXBuildFile</string>
		</dict>
		<key>78256A001740545B009A8F1F</key>
		<dict>
			<key>fileEncoding</key>
			<string>4</string>
			<key>isa</key>
			<string>PBXFileReference</string>
			<key>lastKnownFileType</key>
			<string>sourcecode.c.h</string>
			<key>path</key>
			<string>EDKnight.h</string>
			<key>sourceTree</key>
			<string>&lt;group&gt;</string>
		</dict>
		<key>78256A011740545B009A8F1F</key>
		<dict>
			<key>fileEncoding</key>
			<string>4</string>
			<key>isa</key>
			<string>PBXFileReference</string>
			<key>lastKnownFileType</key>
			<string>sourcecode.c.objc</string>
			<key>path</key>
			<string>EDKnight.m</string>
			<key>sourceTree</key>
			<string>&lt;group&gt;</string>
		</dict>
		<key>78256A021740545B009A8F1F</key>
		<dict>
			<key>fileRef</key>
			<string>78256A011740545B009A8F1F</string>
			<key>isa</key>
			<string>PBXBuildFile</string>
		</dict>
		<key>78256A0317405613009A8F1F</key>
		<dict>
			<key>fileEncoding</key>
			<string>4</string>
			<key>isa</key>
			<string>PBXFileReference</string>
			<key>lastKnownFileType</key>
			<string>sourcecode.c.h</string>
			<key>path</key>
			<string>EDBishop.h</string>
			<key>sourceTree</key>
			<string>&lt;group&gt;</string>
		</dict>
		<key>78256A0417405613009A8F1F</key>
		<dict>
			<key>fileEncoding</key>
			<string>4</string>
			<key>isa</key>
			<string>PBXFileReference</string>
			<key>lastKnownFileType</key>
			<string>sourcecode.c.objc</string>
			<key>path</key>
			<string>EDBishop.m</string>
			<key>sourceTree</key>
			<string>&lt;group&gt;</string>
		</dict>
		<key>78256A0517405613009A8F1F</key>
		<dict>
			<key>fileRef</key>
			<string>78256A0417405613009A8F1F</string>
			<key>isa</key>
			<string>PBXBuildFile</string>
		</dict>
		<key>78256A06174057CD009A8F1F</key>
		<dict>
			<key>fileEncoding</key>
			<string>4</string>
			<key>isa</key>
			<string>PBXFileReference</string>
			<key>lastKnownFileType</key>
			<string>sourcecode.c.h</string>
			<key>path</key>
			<string>EDQueen.h</string>
			<key>sourceTree</key>
			<string>&lt;group&gt;</string>
		</dict>
		<key>78256A07174057CD009A8F1F</key>
		<dict>
			<key>fileEncoding</key>
			<string>4</string>
			<key>isa</key>
			<string>PBXFileReference</string>
			<key>lastKnownFileType</key>
			<string>sourcecode.c.objc</string>
			<key>path</key>
			<string>EDQueen.m</string>
			<key>sourceTree</key>
			<string>&lt;group&gt;</string>
		</dict>
		<key>78256A08174057CD009A8F1F</key>
		<dict>
			<key>fileRef</key>
			<string>78256A07174057CD009A8F1F</string>
			<key>isa</key>
			<string>PBXBuildFile</string>
		</dict>
		<key>78256A09174059BF009A8F1F</key>
		<dict>
			<key>fileEncoding</key>
			<string>4</string>
			<key>isa</key>
			<string>PBXFileReference</string>
			<key>lastKnownFileType</key>
			<string>sourcecode.c.h</string>
			<key>path</key>
			<string>EDKing.h</string>
			<key>sourceTree</key>
			<string>&lt;group&gt;</string>
		</dict>
		<key>78256A0A174059BF009A8F1F</key>
		<dict>
			<key>fileEncoding</key>
			<string>4</string>
			<key>isa</key>
			<string>PBXFileReference</string>
			<key>lastKnownFileType</key>
			<string>sourcecode.c.objc</string>
			<key>path</key>
			<string>EDKing.m</string>
			<key>sourceTree</key>
			<string>&lt;group&gt;</string>
		</dict>
		<key>78256A0B174059BF009A8F1F</key>
		<dict>
			<key>fileRef</key>
			<string>78256A0A174059BF009A8F1F</string>
			<key>isa</key>
			<string>PBXBuildFile</string>
		</dict>
		<key>7833F92A17400F0000E08138</key>
		<dict>
			<key>fileEncoding</key>
			<string>4</string>
			<key>isa</key>
			<string>PBXFileReference</string>
			<key>lastKnownFileType</key>
			<string>sourcecode.c.h</string>
			<key>path</key>
			<string>EDPawn.h</string>
			<key>sourceTree</key>
			<string>&lt;group&gt;</string>
		</dict>
		<key>7833F92B17400F0000E08138</key>
		<dict>
			<key>fileEncoding</key>
			<string>4</string>
			<key>isa</key>
			<string>PBXFileReference</string>
			<key>lastKnownFileType</key>
			<string>sourcecode.c.objc</string>
			<key>path</key>
			<string>EDPawn.m</string>
			<key>sourceTree</key>
			<string>&lt;group&gt;</string>
		</dict>
		<key>7833F92C17400F0000E08138</key>
		<dict>
			<key>fileRef</key>
			<string>7833F92B17400F0000E08138</string>
			<key>isa</key>
			<string>PBXBuildFile</string>
		</dict>
		<key>7833F92D1740295900E08138</key>
		<dict>
			<key>fileEncoding</key>
			<string>4</string>
			<key>isa</key>
			<string>PBXFileReference</string>
			<key>lastKnownFileType</key>
			<string>sourcecode.c.h</string>
			<key>path</key>
			<string>EDChessPoint.h</string>
			<key>sourceTree</key>
			<string>&lt;group&gt;</string>
		</dict>
		<key>7833F92E1740295900E08138</key>
		<dict>
			<key>fileEncoding</key>
			<string>4</string>
			<key>isa</key>
			<string>PBXFileReference</string>
			<key>lastKnownFileType</key>
			<string>sourcecode.c.objc</string>
			<key>path</key>
			<string>EDChessPoint.m</string>
			<key>sourceTree</key>
			<string>&lt;group&gt;</string>
		</dict>
		<key>7833F92F1740295900E08138</key>
		<dict>
			<key>fileRef</key>
			<string>7833F92E1740295900E08138</string>
			<key>isa</key>
			<string>PBXBuildFile</string>
		</dict>
		<key>7887E0E817429CFF008C43DE</key>
		<dict>
			<key>fileEncoding</key>
			<string>4</string>
			<key>isa</key>
			<string>PBXFileReference</string>
			<key>lastKnownFileType</key>
			<string>sourcecode.c.h</string>
			<key>path</key>
			<string>EDChessGame.h</string>
			<key>sourceTree</key>
			<string>&lt;group&gt;</string>
		</dict>
		<key>7887E0E917429CFF008C43DE</key>
		<dict>
			<key>fileEncoding</key>
			<string>4</string>
			<key>isa</key>
			<string>PBXFileReference</string>
			<key>lastKnownFileType</key>
			<string>sourcecode.c.objc</string>
			<key>path</key>
			<string>EDChessGame.m</string>
			<key>sourceTree</key>
			<string>&lt;group&gt;</string>
		</dict>
		<key>7887E0EA17429CFF008C43DE</key>
		<dict>
			<key>fileRef</key>
			<string>7887E0E917429CFF008C43DE</string>
			<key>isa</key>
			<string>PBXBuildFile</string>
		</dict>
		<key>78EC998A173AD2FC0087FC33</key>
		<dict>
			<key>children</key>
			<array>
				<string>78EC999C173AD2FC0087FC33</string>
				<string>78EC99C3173AD2FC0087FC33</string>
				<string>78EC9995173AD2FC0087FC33</string>
				<string>78EC9994173AD2FC0087FC33</string>
				<string>15D0699C4CCF438ABFA3DF8B</string>
			</array>
			<key>isa</key>
			<string>PBXGroup</string>
			<key>sourceTree</key>
			<string>&lt;group&gt;</string>
		</dict>
		<key>78EC998B173AD2FC0087FC33</key>
		<dict>
			<key>attributes</key>
			<dict>
				<key>CLASSPREFIX</key>
				<string>ED</string>
				<key>LastUpgradeCheck</key>
				<string>0460</string>
				<key>ORGANIZATIONNAME</key>
				<string>Evan Dontje</string>
			</dict>
			<key>buildConfigurationList</key>
			<string>78EC998E173AD2FC0087FC33</string>
			<key>compatibilityVersion</key>
			<string>Xcode 3.2</string>
			<key>developmentRegion</key>
			<string>English</string>
			<key>hasScannedForEncodings</key>
			<string>0</string>
			<key>isa</key>
			<string>PBXProject</string>
			<key>knownRegions</key>
			<array>
				<string>en</string>
			</array>
			<key>mainGroup</key>
			<string>78EC998A173AD2FC0087FC33</string>
			<key>productRefGroup</key>
			<string>78EC9994173AD2FC0087FC33</string>
			<key>projectDirPath</key>
			<string></string>
			<key>projectReferences</key>
			<array/>
			<key>projectRoot</key>
			<string></string>
			<key>targets</key>
			<array>
				<string>78EC9992173AD2FC0087FC33</string>
				<string>78EC99BB173AD2FC0087FC33</string>
			</array>
		</dict>
		<key>78EC998E173AD2FC0087FC33</key>
		<dict>
			<key>buildConfigurations</key>
			<array>
				<string>78EC99CC173AD2FC0087FC33</string>
				<string>78EC99CD173AD2FC0087FC33</string>
			</array>
			<key>defaultConfigurationIsVisible</key>
			<string>0</string>
			<key>defaultConfigurationName</key>
			<string>Release</string>
			<key>isa</key>
			<string>XCConfigurationList</string>
		</dict>
		<key>78EC998F173AD2FC0087FC33</key>
		<dict>
			<key>buildActionMask</key>
			<string>2147483647</string>
			<key>files</key>
			<array>
				<string>78EC99A3173AD2FC0087FC33</string>
				<string>78EC99A7173AD2FC0087FC33</string>
				<string>78EC99B0173AD2FC0087FC33</string>
				<string>7833F92C17400F0000E08138</string>
				<string>7833F92F1740295900E08138</string>
				<string>782569FC17404B75009A8F1F</string>
				<string>782569FF1740500D009A8F1F</string>
				<string>78256A021740545B009A8F1F</string>
				<string>78256A0517405613009A8F1F</string>
				<string>78256A08174057CD009A8F1F</string>
				<string>78256A0B174059BF009A8F1F</string>
				<string>7887E0EA17429CFF008C43DE</string>
			</array>
			<key>isa</key>
			<string>PBXSourcesBuildPhase</string>
			<key>runOnlyForDeploymentPostprocessing</key>
			<string>0</string>
		</dict>
		<key>78EC9990173AD2FC0087FC33</key>
		<dict>
			<key>buildActionMask</key>
			<string>2147483647</string>
			<key>files</key>
			<array>
				<string>78EC9997173AD2FC0087FC33</string>
				<string>78EC9999173AD2FC0087FC33</string>
				<string>78EC999B173AD2FC0087FC33</string>
				<string>1DF0977ABD8B4FF7A5D6DB7E</string>
			</array>
			<key>isa</key>
			<string>PBXFrameworksBuildPhase</string>
			<key>runOnlyForDeploymentPostprocessing</key>
			<string>0</string>
		</dict>
		<key>78EC9991173AD2FC0087FC33</key>
		<dict>
			<key>buildActionMask</key>
			<string>2147483647</string>
			<key>files</key>
			<array>
				<string>78EC99A1173AD2FC0087FC33</string>
				<string>78EC99A9173AD2FC0087FC33</string>
				<string>78EC99AB173AD2FC0087FC33</string>
				<string>78EC99AD173AD2FC0087FC33</string>
				<string>78EC99B3173AD2FC0087FC33</string>
				<string>78EC99B6173AD2FC0087FC33</string>
				<string>78EC99D5173AD3270087FC33</string>
			</array>
			<key>isa</key>
			<string>PBXResourcesBuildPhase</string>
			<key>runOnlyForDeploymentPostprocessing</key>
			<string>0</string>
		</dict>
		<key>78EC9992173AD2FC0087FC33</key>
		<dict>
			<key>buildConfigurationList</key>
			<string>78EC99CE173AD2FC0087FC33</string>
			<key>buildPhases</key>
			<array>
				<string>2B30D3AE05A142A1BB850E7F</string>
				<string>78EC998F173AD2FC0087FC33</string>
				<string>78EC9990173AD2FC0087FC33</string>
				<string>78EC9991173AD2FC0087FC33</string>
				<string>4BE1DF2043B546589222F738</string>
			</array>
			<key>buildRules</key>
			<array/>
			<key>dependencies</key>
			<array/>
			<key>isa</key>
			<string>PBXNativeTarget</string>
			<key>name</key>
			<string>Chess</string>
			<key>productName</key>
			<string>Chess</string>
			<key>productReference</key>
			<string>78EC9993173AD2FC0087FC33</string>
			<key>productType</key>
			<string>com.apple.product-type.application</string>
		</dict>
		<key>78EC9993173AD2FC0087FC33</key>
		<dict>
			<key>explicitFileType</key>
			<string>wrapper.application</string>
			<key>includeInIndex</key>
			<string>0</string>
			<key>isa</key>
			<string>PBXFileReference</string>
			<key>path</key>
			<string>Chess.app</string>
			<key>sourceTree</key>
			<string>BUILT_PRODUCTS_DIR</string>
		</dict>
		<key>78EC9994173AD2FC0087FC33</key>
		<dict>
			<key>children</key>
			<array>
				<string>78EC9993173AD2FC0087FC33</string>
				<string>78EC99BC173AD2FC0087FC33</string>
			</array>
			<key>isa</key>
			<string>PBXGroup</string>
			<key>name</key>
			<string>Products</string>
			<key>sourceTree</key>
			<string>&lt;group&gt;</string>
		</dict>
		<key>78EC9995173AD2FC0087FC33</key>
		<dict>
			<key>children</key>
			<array>
				<string>78EC9996173AD2FC0087FC33</string>
				<string>78EC9998173AD2FC0087FC33</string>
				<string>78EC999A173AD2FC0087FC33</string>
				<string>78EC99BD173AD2FC0087FC33</string>
				<string>56F906D25E6341C58B3CECFE</string>
			</array>
			<key>isa</key>
			<string>PBXGroup</string>
			<key>name</key>
			<string>Frameworks</string>
			<key>sourceTree</key>
			<string>&lt;group&gt;</string>
		</dict>
		<key>78EC9996173AD2FC0087FC33</key>
		<dict>
			<key>isa</key>
			<string>PBXFileReference</string>
			<key>lastKnownFileType</key>
			<string>wrapper.framework</string>
			<key>name</key>
			<string>UIKit.framework</string>
			<key>path</key>
			<string>System/Library/Frameworks/UIKit.framework</string>
			<key>sourceTree</key>
			<string>SDKROOT</string>
		</dict>
		<key>78EC9997173AD2FC0087FC33</key>
		<dict>
			<key>fileRef</key>
			<string>78EC9996173AD2FC0087FC33</string>
			<key>isa</key>
			<string>PBXBuildFile</string>
		</dict>
		<key>78EC9998173AD2FC0087FC33</key>
		<dict>
			<key>isa</key>
			<string>PBXFileReference</string>
			<key>lastKnownFileType</key>
			<string>wrapper.framework</string>
			<key>name</key>
			<string>Foundation.framework</string>
			<key>path</key>
			<string>System/Library/Frameworks/Foundation.framework</string>
			<key>sourceTree</key>
			<string>SDKROOT</string>
		</dict>
		<key>78EC9999173AD2FC0087FC33</key>
		<dict>
			<key>fileRef</key>
			<string>78EC9998173AD2FC0087FC33</string>
			<key>isa</key>
			<string>PBXBuildFile</string>
		</dict>
		<key>78EC999A173AD2FC0087FC33</key>
		<dict>
			<key>isa</key>
			<string>PBXFileReference</string>
			<key>lastKnownFileType</key>
			<string>wrapper.framework</string>
			<key>name</key>
			<string>CoreGraphics.framework</string>
			<key>path</key>
			<string>System/Library/Frameworks/CoreGraphics.framework</string>
			<key>sourceTree</key>
			<string>SDKROOT</string>
		</dict>
		<key>78EC999B173AD2FC0087FC33</key>
		<dict>
			<key>fileRef</key>
			<string>78EC999A173AD2FC0087FC33</string>
			<key>isa</key>
			<string>PBXBuildFile</string>
		</dict>
		<key>78EC999C173AD2FC0087FC33</key>
		<dict>
			<key>children</key>
			<array>
				<string>78EC99A5173AD2FC0087FC33</string>
				<string>78EC99A6173AD2FC0087FC33</string>
				<string>78EC99AE173AD2FC0087FC33</string>
				<string>78EC99AF173AD2FC0087FC33</string>
				<string>78EC99B1173AD2FC0087FC33</string>
				<string>78EC99B4173AD2FC0087FC33</string>
				<string>78EC999D173AD2FC0087FC33</string>
				<string>7833F92A17400F0000E08138</string>
				<string>7833F92B17400F0000E08138</string>
				<string>7833F92D1740295900E08138</string>
				<string>7833F92E1740295900E08138</string>
				<string>782569FA17404B75009A8F1F</string>
				<string>782569FB17404B75009A8F1F</string>
				<string>782569FD1740500D009A8F1F</string>
				<string>782569FE1740500D009A8F1F</string>
				<string>78256A001740545B009A8F1F</string>
				<string>78256A011740545B009A8F1F</string>
				<string>78256A0317405613009A8F1F</string>
				<string>78256A0417405613009A8F1F</string>
				<string>78256A06174057CD009A8F1F</string>
				<string>78256A07174057CD009A8F1F</string>
				<string>78256A09174059BF009A8F1F</string>
				<string>78256A0A174059BF009A8F1F</string>
				<string>7887E0E817429CFF008C43DE</string>
				<string>7887E0E917429CFF008C43DE</string>
			</array>
			<key>isa</key>
			<string>PBXGroup</string>
			<key>path</key>
			<string>Chess</string>
			<key>sourceTree</key>
			<string>&lt;group&gt;</string>
		</dict>
		<key>78EC999D173AD2FC0087FC33</key>
		<dict>
			<key>children</key>
			<array>
				<string>78EC99D4173AD3270087FC33</string>
				<string>78EC999E173AD2FC0087FC33</string>
				<string>78EC999F173AD2FC0087FC33</string>
				<string>78EC99A2173AD2FC0087FC33</string>
				<string>78EC99A4173AD2FC0087FC33</string>
				<string>78EC99A8173AD2FC0087FC33</string>
				<string>78EC99AA173AD2FC0087FC33</string>
				<string>78EC99AC173AD2FC0087FC33</string>
			</array>
			<key>isa</key>
			<string>PBXGroup</string>
			<key>name</key>
			<string>Supporting Files</string>
			<key>sourceTree</key>
			<string>&lt;group&gt;</string>
		</dict>
		<key>78EC999E173AD2FC0087FC33</key>
		<dict>
			<key>isa</key>
			<string>PBXFileReference</string>
			<key>lastKnownFileType</key>
			<string>text.plist.xml</string>
			<key>path</key>
			<string>Chess-Info.plist</string>
			<key>sourceTree</key>
			<string>&lt;group&gt;</string>
		</dict>
		<key>78EC999F173AD2FC0087FC33</key>
		<dict>
			<key>children</key>
			<array>
				<string>78EC99A0173AD2FC0087FC33</string>
			</array>
			<key>isa</key>
			<string>PBXVariantGroup</string>
			<key>name</key>
			<string>InfoPlist.strings</string>
			<key>sourceTree</key>
			<string>&lt;group&gt;</string>
		</dict>
		<key>78EC99A0173AD2FC0087FC33</key>
		<dict>
			<key>isa</key>
			<string>PBXFileReference</string>
			<key>lastKnownFileType</key>
			<string>text.plist.strings</string>
			<key>name</key>
			<string>en</string>
			<key>path</key>
			<string>en.lproj/InfoPlist.strings</string>
			<key>sourceTree</key>
			<string>&lt;group&gt;</string>
		</dict>
		<key>78EC99A1173AD2FC0087FC33</key>
		<dict>
			<key>fileRef</key>
			<string>78EC999F173AD2FC0087FC33</string>
			<key>isa</key>
			<string>PBXBuildFile</string>
		</dict>
		<key>78EC99A2173AD2FC0087FC33</key>
		<dict>
			<key>isa</key>
			<string>PBXFileReference</string>
			<key>lastKnownFileType</key>
			<string>sourcecode.c.objc</string>
			<key>path</key>
			<string>main.m</string>
			<key>sourceTree</key>
			<string>&lt;group&gt;</string>
		</dict>
		<key>78EC99A3173AD2FC0087FC33</key>
		<dict>
			<key>fileRef</key>
			<string>78EC99A2173AD2FC0087FC33</string>
			<key>isa</key>
			<string>PBXBuildFile</string>
		</dict>
		<key>78EC99A4173AD2FC0087FC33</key>
		<dict>
			<key>isa</key>
			<string>PBXFileReference</string>
			<key>lastKnownFileType</key>
			<string>sourcecode.c.h</string>
			<key>path</key>
			<string>Chess-Prefix.pch</string>
			<key>sourceTree</key>
			<string>&lt;group&gt;</string>
		</dict>
		<key>78EC99A5173AD2FC0087FC33</key>
		<dict>
			<key>isa</key>
			<string>PBXFileReference</string>
			<key>lastKnownFileType</key>
			<string>sourcecode.c.h</string>
			<key>path</key>
			<string>EDAppDelegate.h</string>
			<key>sourceTree</key>
			<string>&lt;group&gt;</string>
		</dict>
		<key>78EC99A6173AD2FC0087FC33</key>
		<dict>
			<key>isa</key>
			<string>PBXFileReference</string>
			<key>lastKnownFileType</key>
			<string>sourcecode.c.objc</string>
			<key>path</key>
			<string>EDAppDelegate.m</string>
			<key>sourceTree</key>
			<string>&lt;group&gt;</string>
		</dict>
		<key>78EC99A7173AD2FC0087FC33</key>
		<dict>
			<key>fileRef</key>
			<string>78EC99A6173AD2FC0087FC33</string>
			<key>isa</key>
			<string>PBXBuildFile</string>
		</dict>
		<key>78EC99A8173AD2FC0087FC33</key>
		<dict>
			<key>isa</key>
			<string>PBXFileReference</string>
			<key>lastKnownFileType</key>
			<string>image.png</string>
			<key>path</key>
			<string>Default.png</string>
			<key>sourceTree</key>
			<string>&lt;group&gt;</string>
		</dict>
		<key>78EC99A9173AD2FC0087FC33</key>
		<dict>
			<key>fileRef</key>
			<string>78EC99A8173AD2FC0087FC33</string>
			<key>isa</key>
			<string>PBXBuildFile</string>
		</dict>
		<key>78EC99AA173AD2FC0087FC33</key>
		<dict>
			<key>isa</key>
			<string>PBXFileReference</string>
			<key>lastKnownFileType</key>
			<string>image.png</string>
			<key>path</key>
			<string>Default@2x.png</string>
			<key>sourceTree</key>
			<string>&lt;group&gt;</string>
		</dict>
		<key>78EC99AB173AD2FC0087FC33</key>
		<dict>
			<key>fileRef</key>
			<string>78EC99AA173AD2FC0087FC33</string>
			<key>isa</key>
			<string>PBXBuildFile</string>
		</dict>
		<key>78EC99AC173AD2FC0087FC33</key>
		<dict>
			<key>isa</key>
			<string>PBXFileReference</string>
			<key>lastKnownFileType</key>
			<string>image.png</string>
			<key>path</key>
			<string>Default-568h@2x.png</string>
			<key>sourceTree</key>
			<string>&lt;group&gt;</string>
		</dict>
		<key>78EC99AD173AD2FC0087FC33</key>
		<dict>
			<key>fileRef</key>
			<string>78EC99AC173AD2FC0087FC33</string>
			<key>isa</key>
			<string>PBXBuildFile</string>
		</dict>
		<key>78EC99AE173AD2FC0087FC33</key>
		<dict>
			<key>isa</key>
			<string>PBXFileReference</string>
			<key>lastKnownFileType</key>
			<string>sourcecode.c.h</string>
			<key>path</key>
			<string>EDViewController.h</string>
			<key>sourceTree</key>
			<string>&lt;group&gt;</string>
		</dict>
		<key>78EC99AF173AD2FC0087FC33</key>
		<dict>
			<key>isa</key>
			<string>PBXFileReference</string>
			<key>lastKnownFileType</key>
			<string>sourcecode.c.objc</string>
			<key>path</key>
			<string>EDViewController.m</string>
			<key>sourceTree</key>
			<string>&lt;group&gt;</string>
		</dict>
		<key>78EC99B0173AD2FC0087FC33</key>
		<dict>
			<key>fileRef</key>
			<string>78EC99AF173AD2FC0087FC33</string>
			<key>isa</key>
			<string>PBXBuildFile</string>
		</dict>
		<key>78EC99B1173AD2FC0087FC33</key>
		<dict>
			<key>children</key>
			<array>
				<string>78EC99B2173AD2FC0087FC33</string>
			</array>
			<key>isa</key>
			<string>PBXVariantGroup</string>
			<key>name</key>
			<string>EDViewController_iPhone.xib</string>
			<key>sourceTree</key>
			<string>&lt;group&gt;</string>
		</dict>
		<key>78EC99B2173AD2FC0087FC33</key>
		<dict>
			<key>isa</key>
			<string>PBXFileReference</string>
			<key>lastKnownFileType</key>
			<string>file.xib</string>
			<key>name</key>
			<string>en</string>
			<key>path</key>
			<string>en.lproj/EDViewController_iPhone.xib</string>
			<key>sourceTree</key>
			<string>&lt;group&gt;</string>
		</dict>
		<key>78EC99B3173AD2FC0087FC33</key>
		<dict>
			<key>fileRef</key>
			<string>78EC99B1173AD2FC0087FC33</string>
			<key>isa</key>
			<string>PBXBuildFile</string>
		</dict>
		<key>78EC99B4173AD2FC0087FC33</key>
		<dict>
			<key>children</key>
			<array>
				<string>78EC99B5173AD2FC0087FC33</string>
			</array>
			<key>isa</key>
			<string>PBXVariantGroup</string>
			<key>name</key>
			<string>EDViewController_iPad.xib</string>
			<key>sourceTree</key>
			<string>&lt;group&gt;</string>
		</dict>
		<key>78EC99B5173AD2FC0087FC33</key>
		<dict>
			<key>isa</key>
			<string>PBXFileReference</string>
			<key>lastKnownFileType</key>
			<string>file.xib</string>
			<key>name</key>
			<string>en</string>
			<key>path</key>
			<string>en.lproj/EDViewController_iPad.xib</string>
			<key>sourceTree</key>
			<string>&lt;group&gt;</string>
		</dict>
		<key>78EC99B6173AD2FC0087FC33</key>
		<dict>
			<key>fileRef</key>
			<string>78EC99B4173AD2FC0087FC33</string>
			<key>isa</key>
			<string>PBXBuildFile</string>
		</dict>
		<key>78EC99B7173AD2FC0087FC33</key>
		<dict>
			<key>buildActionMask</key>
			<string>2147483647</string>
			<key>files</key>
			<array>
				<string>78EC99CB173AD2FC0087FC33</string>
			</array>
			<key>isa</key>
			<string>PBXSourcesBuildPhase</string>
			<key>runOnlyForDeploymentPostprocessing</key>
			<string>0</string>
		</dict>
		<key>78EC99B8173AD2FC0087FC33</key>
		<dict>
			<key>buildActionMask</key>
			<string>2147483647</string>
			<key>files</key>
			<array>
				<string>78EC99BE173AD2FC0087FC33</string>
				<string>78EC99BF173AD2FC0087FC33</string>
				<string>78EC99C0173AD2FC0087FC33</string>
			</array>
			<key>isa</key>
			<string>PBXFrameworksBuildPhase</string>
			<key>runOnlyForDeploymentPostprocessing</key>
			<string>0</string>
		</dict>
		<key>78EC99B9173AD2FC0087FC33</key>
		<dict>
			<key>buildActionMask</key>
			<string>2147483647</string>
			<key>files</key>
			<array>
				<string>78EC99C8173AD2FC0087FC33</string>
			</array>
			<key>isa</key>
			<string>PBXResourcesBuildPhase</string>
			<key>runOnlyForDeploymentPostprocessing</key>
			<string>0</string>
		</dict>
		<key>78EC99BA173AD2FC0087FC33</key>
		<dict>
			<key>buildActionMask</key>
			<string>2147483647</string>
			<key>files</key>
			<array/>
			<key>inputPaths</key>
			<array/>
			<key>isa</key>
			<string>PBXShellScriptBuildPhase</string>
			<key>outputPaths</key>
			<array/>
			<key>runOnlyForDeploymentPostprocessing</key>
			<string>0</string>
			<key>shellPath</key>
			<string>/bin/sh</string>
			<key>shellScript</key>
			<string># Run the unit tests in this test bundle.
"${SYSTEM_DEVELOPER_DIR}/Tools/RunUnitTests"
</string>
		</dict>
		<key>78EC99BB173AD2FC0087FC33</key>
		<dict>
			<key>buildConfigurationList</key>
			<string>78EC99D1173AD2FC0087FC33</string>
			<key>buildPhases</key>
			<array>
				<string>78EC99B7173AD2FC0087FC33</string>
				<string>78EC99B8173AD2FC0087FC33</string>
				<string>78EC99B9173AD2FC0087FC33</string>
				<string>78EC99BA173AD2FC0087FC33</string>
			</array>
			<key>buildRules</key>
			<array/>
			<key>dependencies</key>
			<array>
				<string>78EC99C2173AD2FC0087FC33</string>
			</array>
			<key>isa</key>
			<string>PBXNativeTarget</string>
			<key>name</key>
			<string>ChessTests</string>
			<key>productName</key>
			<string>ChessTests</string>
			<key>productReference</key>
			<string>78EC99BC173AD2FC0087FC33</string>
			<key>productType</key>
			<string>com.apple.product-type.bundle</string>
		</dict>
		<key>78EC99BC173AD2FC0087FC33</key>
		<dict>
			<key>explicitFileType</key>
			<string>wrapper.cfbundle</string>
			<key>includeInIndex</key>
			<string>0</string>
			<key>isa</key>
			<string>PBXFileReference</string>
			<key>path</key>
			<string>ChessTests.octest</string>
			<key>sourceTree</key>
			<string>BUILT_PRODUCTS_DIR</string>
		</dict>
		<key>78EC99BD173AD2FC0087FC33</key>
		<dict>
			<key>isa</key>
			<string>PBXFileReference</string>
			<key>lastKnownFileType</key>
			<string>wrapper.framework</string>
			<key>name</key>
			<string>SenTestingKit.framework</string>
			<key>path</key>
			<string>Library/Frameworks/SenTestingKit.framework</string>
			<key>sourceTree</key>
			<string>DEVELOPER_DIR</string>
		</dict>
		<key>78EC99BE173AD2FC0087FC33</key>
		<dict>
			<key>fileRef</key>
			<string>78EC99BD173AD2FC0087FC33</string>
			<key>isa</key>
			<string>PBXBuildFile</string>
		</dict>
		<key>78EC99BF173AD2FC0087FC33</key>
		<dict>
			<key>fileRef</key>
			<string>78EC9996173AD2FC0087FC33</string>
			<key>isa</key>
			<string>PBXBuildFile</string>
		</dict>
		<key>78EC99C0173AD2FC0087FC33</key>
		<dict>
			<key>fileRef</key>
			<string>78EC9998173AD2FC0087FC33</string>
			<key>isa</key>
			<string>PBXBuildFile</string>
		</dict>
		<key>78EC99C1173AD2FC0087FC33</key>
		<dict>
			<key>containerPortal</key>
			<string>78EC998B173AD2FC0087FC33</string>
			<key>isa</key>
			<string>PBXContainerItemProxy</string>
			<key>proxyType</key>
			<string>1</string>
			<key>remoteGlobalIDString</key>
			<string>78EC9992173AD2FC0087FC33</string>
			<key>remoteInfo</key>
			<string>Chess</string>
		</dict>
		<key>78EC99C2173AD2FC0087FC33</key>
		<dict>
			<key>isa</key>
			<string>PBXTargetDependency</string>
			<key>target</key>
			<string>78EC9992173AD2FC0087FC33</string>
			<key>targetProxy</key>
			<string>78EC99C1173AD2FC0087FC33</string>
		</dict>
		<key>78EC99C3173AD2FC0087FC33</key>
		<dict>
			<key>children</key>
			<array>
				<string>78EC99C9173AD2FC0087FC33</string>
				<string>78EC99CA173AD2FC0087FC33</string>
				<string>78EC99C4173AD2FC0087FC33</string>
			</array>
			<key>isa</key>
			<string>PBXGroup</string>
			<key>path</key>
			<string>ChessTests</string>
			<key>sourceTree</key>
			<string>&lt;group&gt;</string>
		</dict>
		<key>78EC99C4173AD2FC0087FC33</key>
		<dict>
			<key>children</key>
			<array>
				<string>78EC99C5173AD2FC0087FC33</string>
				<string>78EC99C6173AD2FC0087FC33</string>
			</array>
			<key>isa</key>
			<string>PBXGroup</string>
			<key>name</key>
			<string>Supporting Files</string>
			<key>sourceTree</key>
			<string>&lt;group&gt;</string>
		</dict>
		<key>78EC99C5173AD2FC0087FC33</key>
		<dict>
			<key>isa</key>
			<string>PBXFileReference</string>
			<key>lastKnownFileType</key>
			<string>text.plist.xml</string>
			<key>path</key>
			<string>ChessTests-Info.plist</string>
			<key>sourceTree</key>
			<string>&lt;group&gt;</string>
		</dict>
		<key>78EC99C6173AD2FC0087FC33</key>
		<dict>
			<key>children</key>
			<array>
				<string>78EC99C7173AD2FC0087FC33</string>
			</array>
			<key>isa</key>
			<string>PBXVariantGroup</string>
			<key>name</key>
			<string>InfoPlist.strings</string>
			<key>sourceTree</key>
			<string>&lt;group&gt;</string>
		</dict>
		<key>78EC99C7173AD2FC0087FC33</key>
		<dict>
			<key>isa</key>
			<string>PBXFileReference</string>
			<key>lastKnownFileType</key>
			<string>text.plist.strings</string>
			<key>name</key>
			<string>en</string>
			<key>path</key>
			<string>en.lproj/InfoPlist.strings</string>
			<key>sourceTree</key>
			<string>&lt;group&gt;</string>
		</dict>
		<key>78EC99C8173AD2FC0087FC33</key>
		<dict>
			<key>fileRef</key>
			<string>78EC99C6173AD2FC0087FC33</string>
			<key>isa</key>
			<string>PBXBuildFile</string>
		</dict>
		<key>78EC99C9173AD2FC0087FC33</key>
		<dict>
			<key>isa</key>
			<string>PBXFileReference</string>
			<key>lastKnownFileType</key>
			<string>sourcecode.c.h</string>
			<key>path</key>
			<string>ChessTests.h</string>
			<key>sourceTree</key>
			<string>&lt;group&gt;</string>
		</dict>
		<key>78EC99CA173AD2FC0087FC33</key>
		<dict>
			<key>isa</key>
			<string>PBXFileReference</string>
			<key>lastKnownFileType</key>
			<string>sourcecode.c.objc</string>
			<key>path</key>
			<string>ChessTests.m</string>
			<key>sourceTree</key>
			<string>&lt;group&gt;</string>
		</dict>
		<key>78EC99CB173AD2FC0087FC33</key>
		<dict>
			<key>fileRef</key>
			<string>78EC99CA173AD2FC0087FC33</string>
			<key>isa</key>
			<string>PBXBuildFile</string>
		</dict>
		<key>78EC99CC173AD2FC0087FC33</key>
		<dict>
			<key>buildSettings</key>
			<dict>
				<key>ALWAYS_SEARCH_USER_PATHS</key>
				<string>NO</string>
				<key>CLANG_CXX_LANGUAGE_STANDARD</key>
				<string>gnu++0x</string>
				<key>CLANG_CXX_LIBRARY</key>
				<string>libc++</string>
				<key>CLANG_ENABLE_OBJC_ARC</key>
				<string>YES</string>
				<key>CLANG_WARN_CONSTANT_CONVERSION</key>
				<string>YES</string>
				<key>CLANG_WARN_EMPTY_BODY</key>
				<string>YES</string>
				<key>CLANG_WARN_ENUM_CONVERSION</key>
				<string>YES</string>
				<key>CLANG_WARN_INT_CONVERSION</key>
				<string>YES</string>
				<key>CLANG_WARN__DUPLICATE_METHOD_MATCH</key>
				<string>YES</string>
				<key>CODE_SIGN_IDENTITY[sdk=iphoneos*]</key>
				<string>iPhone Developer</string>
				<key>COPY_PHASE_STRIP</key>
				<string>NO</string>
				<key>GCC_C_LANGUAGE_STANDARD</key>
				<string>gnu99</string>
				<key>GCC_DYNAMIC_NO_PIC</key>
				<string>NO</string>
				<key>GCC_OPTIMIZATION_LEVEL</key>
				<string>0</string>
				<key>GCC_PREPROCESSOR_DEFINITIONS</key>
				<array>
					<string>DEBUG=1</string>
					<string>$(inherited)</string>
				</array>
				<key>GCC_SYMBOLS_PRIVATE_EXTERN</key>
				<string>NO</string>
				<key>GCC_WARN_ABOUT_RETURN_TYPE</key>
				<string>YES</string>
				<key>GCC_WARN_UNINITIALIZED_AUTOS</key>
				<string>YES</string>
				<key>GCC_WARN_UNUSED_VARIABLE</key>
				<string>YES</string>
				<key>IPHONEOS_DEPLOYMENT_TARGET</key>
				<string>6.1</string>
				<key>ONLY_ACTIVE_ARCH</key>
				<string>YES</string>
				<key>SDKROOT</key>
				<string>iphoneos</string>
				<key>TARGETED_DEVICE_FAMILY</key>
				<string>1,2</string>
			</dict>
			<key>isa</key>
			<string>XCBuildConfiguration</string>
			<key>name</key>
			<string>Debug</string>
		</dict>
		<key>78EC99CD173AD2FC0087FC33</key>
		<dict>
			<key>buildSettings</key>
			<dict>
				<key>ALWAYS_SEARCH_USER_PATHS</key>
				<string>NO</string>
				<key>CLANG_CXX_LANGUAGE_STANDARD</key>
				<string>gnu++0x</string>
				<key>CLANG_CXX_LIBRARY</key>
				<string>libc++</string>
				<key>CLANG_ENABLE_OBJC_ARC</key>
				<string>YES</string>
				<key>CLANG_WARN_CONSTANT_CONVERSION</key>
				<string>YES</string>
				<key>CLANG_WARN_EMPTY_BODY</key>
				<string>YES</string>
				<key>CLANG_WARN_ENUM_CONVERSION</key>
				<string>YES</string>
				<key>CLANG_WARN_INT_CONVERSION</key>
				<string>YES</string>
				<key>CLANG_WARN__DUPLICATE_METHOD_MATCH</key>
				<string>YES</string>
				<key>CODE_SIGN_IDENTITY[sdk=iphoneos*]</key>
				<string>iPhone Developer</string>
				<key>COPY_PHASE_STRIP</key>
				<string>YES</string>
				<key>GCC_C_LANGUAGE_STANDARD</key>
				<string>gnu99</string>
				<key>GCC_WARN_ABOUT_RETURN_TYPE</key>
				<string>YES</string>
				<key>GCC_WARN_UNINITIALIZED_AUTOS</key>
				<string>YES</string>
				<key>GCC_WARN_UNUSED_VARIABLE</key>
				<string>YES</string>
				<key>IPHONEOS_DEPLOYMENT_TARGET</key>
				<string>6.1</string>
				<key>OTHER_CFLAGS</key>
				<string>-DNS_BLOCK_ASSERTIONS=1</string>
				<key>SDKROOT</key>
				<string>iphoneos</string>
				<key>TARGETED_DEVICE_FAMILY</key>
				<string>1,2</string>
				<key>VALIDATE_PRODUCT</key>
				<string>YES</string>
			</dict>
			<key>isa</key>
			<string>XCBuildConfiguration</string>
			<key>name</key>
			<string>Release</string>
		</dict>
		<key>78EC99CE173AD2FC0087FC33</key>
		<dict>
			<key>buildConfigurations</key>
			<array>
				<string>78EC99CF173AD2FC0087FC33</string>
				<string>78EC99D0173AD2FC0087FC33</string>
			</array>
			<key>defaultConfigurationIsVisible</key>
			<string>0</string>
			<key>defaultConfigurationName</key>
			<string>Release</string>
			<key>isa</key>
			<string>XCConfigurationList</string>
		</dict>
		<key>78EC99CF173AD2FC0087FC33</key>
		<dict>
			<key>baseConfigurationReference</key>
			<string>15D0699C4CCF438ABFA3DF8B</string>
			<key>buildSettings</key>
			<dict>
				<key>GCC_PRECOMPILE_PREFIX_HEADER</key>
				<string>YES</string>
				<key>GCC_PREFIX_HEADER</key>
				<string>Chess/Chess-Prefix.pch</string>
				<key>INFOPLIST_FILE</key>
				<string>Chess/Chess-Info.plist</string>
				<key>PRODUCT_NAME</key>
				<string>$(TARGET_NAME)</string>
				<key>WRAPPER_EXTENSION</key>
				<string>app</string>
			</dict>
			<key>isa</key>
			<string>XCBuildConfiguration</string>
			<key>name</key>
			<string>Debug</string>
		</dict>
		<key>78EC99D0173AD2FC0087FC33</key>
		<dict>
			<key>baseConfigurationReference</key>
			<string>15D0699C4CCF438ABFA3DF8B</string>
			<key>buildSettings</key>
			<dict>
				<key>GCC_PRECOMPILE_PREFIX_HEADER</key>
				<string>YES</string>
				<key>GCC_PREFIX_HEADER</key>
				<string>Chess/Chess-Prefix.pch</string>
				<key>INFOPLIST_FILE</key>
				<string>Chess/Chess-Info.plist</string>
				<key>PRODUCT_NAME</key>
				<string>$(TARGET_NAME)</string>
				<key>WRAPPER_EXTENSION</key>
				<string>app</string>
			</dict>
			<key>isa</key>
			<string>XCBuildConfiguration</string>
			<key>name</key>
			<string>Release</string>
		</dict>
		<key>78EC99D1173AD2FC0087FC33</key>
		<dict>
			<key>buildConfigurations</key>
			<array>
				<string>78EC99D2173AD2FC0087FC33</string>
				<string>78EC99D3173AD2FC0087FC33</string>
			</array>
			<key>defaultConfigurationIsVisible</key>
			<string>0</string>
			<key>defaultConfigurationName</key>
			<string>Release</string>
			<key>isa</key>
			<string>XCConfigurationList</string>
		</dict>
		<key>78EC99D2173AD2FC0087FC33</key>
		<dict>
			<key>buildSettings</key>
			<dict>
				<key>BUNDLE_LOADER</key>
				<string>$(BUILT_PRODUCTS_DIR)/Chess.app/Chess</string>
				<key>FRAMEWORK_SEARCH_PATHS</key>
				<array>
					<string>"$(SDKROOT)/Developer/Library/Frameworks"</string>
					<string>"$(DEVELOPER_LIBRARY_DIR)/Frameworks"</string>
				</array>
				<key>GCC_PRECOMPILE_PREFIX_HEADER</key>
				<string>YES</string>
				<key>GCC_PREFIX_HEADER</key>
				<string>Chess/Chess-Prefix.pch</string>
				<key>INFOPLIST_FILE</key>
				<string>ChessTests/ChessTests-Info.plist</string>
				<key>PRODUCT_NAME</key>
				<string>$(TARGET_NAME)</string>
				<key>TEST_HOST</key>
				<string>$(BUNDLE_LOADER)</string>
				<key>WRAPPER_EXTENSION</key>
				<string>octest</string>
			</dict>
			<key>isa</key>
			<string>XCBuildConfiguration</string>
			<key>name</key>
			<string>Debug</string>
		</dict>
		<key>78EC99D3173AD2FC0087FC33</key>
		<dict>
			<key>buildSettings</key>
			<dict>
				<key>BUNDLE_LOADER</key>
				<string>$(BUILT_PRODUCTS_DIR)/Chess.app/Chess</string>
				<key>FRAMEWORK_SEARCH_PATHS</key>
				<array>
					<string>"$(SDKROOT)/Developer/Library/Frameworks"</string>
					<string>"$(DEVELOPER_LIBRARY_DIR)/Frameworks"</string>
				</array>
				<key>GCC_PRECOMPILE_PREFIX_HEADER</key>
				<string>YES</string>
				<key>GCC_PREFIX_HEADER</key>
				<string>Chess/Chess-Prefix.pch</string>
				<key>INFOPLIST_FILE</key>
				<string>ChessTests/ChessTests-Info.plist</string>
				<key>PRODUCT_NAME</key>
				<string>$(TARGET_NAME)</string>
				<key>TEST_HOST</key>
				<string>$(BUNDLE_LOADER)</string>
				<key>WRAPPER_EXTENSION</key>
				<string>octest</string>
			</dict>
			<key>isa</key>
			<string>XCBuildConfiguration</string>
			<key>name</key>
			<string>Release</string>
		</dict>
		<key>78EC99D4173AD3270087FC33</key>
		<dict>
			<key>isa</key>
			<string>PBXFileReference</string>
			<key>lastKnownFileType</key>
			<string>image.jpeg</string>
			<key>path</key>
			<string>chessboard_iPhone.jpeg</string>
			<key>sourceTree</key>
			<string>&lt;group&gt;</string>
		</dict>
		<key>78EC99D5173AD3270087FC33</key>
		<dict>
			<key>fileRef</key>
			<string>78EC99D4173AD3270087FC33</string>
			<key>isa</key>
			<string>PBXBuildFile</string>
		</dict>
	</dict>
	<key>rootObject</key>
	<string>78EC998B173AD2FC0087FC33</string>
</dict>
</plist>
